
Microsoft Visual Studio Solution File, Format Version 12.00
# Visual Studio Version 17
VisualStudioVersion = 17.5.33627.172
MinimumVisualStudioVersion = 10.0.40219.1
Project("{FAE04EC0-301F-11D3-BF4B-00C04F79EFBC}") = "WpfIocDemo", "WpfIocDemo.csproj", "{4E5E3E2A-8DA1-402C-A996-DB80EB44808E}"
EndProject
Global
	GlobalSection(SolutionConfigurationPlatforms) = preSolution
		Debug|Any CPU = Debug|Any CPU
		Release|Any CPU = Release|Any CPU
	EndGlobalSection
	GlobalSection(ProjectConfigurationPlatforms) = postSolution
		{4E5E3E2A-8DA1-402C-A996-DB80EB44808E}.Debug|Any CPU.ActiveCfg = Debug|Any CPU
		{4E5E3E2A-8DA1-402C-A996-DB80EB44808E}.Debug|Any CPU.Build.0 = Debug|Any CPU
		{4E5E3E2A-8DA1-402C-A996-DB80EB44808E}.Release|Any CPU.ActiveCfg = Release|Any CPU
		{4E5E3E2A-8DA1-402C-A996-DB80EB44808E}.Release|Any CPU.Build.0 = Release|Any CPU
	EndGlobalSection
	GlobalSection(SolutionProperties) = preSolution
		HideSolutionNode = FALSE
	EndGlobalSection
	GlobalSection(ExtensibilityGlobals) = postSolution
		SolutionGuid = {1B42A557-601E-4B2D-BC18-E8DDDFEF6F9D}
	EndGlobalSection
EndGlobal
